
Microsoft Visual Studio Solution File, Format Version 12.00
# Visual Studio Version 17
VisualStudioVersion = 17.4.33110.190
MinimumVisualStudioVersion = 10.0.40219.1
Project("{9A19103F-16F7-4668-BE54-9A1E7A4F7556}") = "ConsoleApp", "ConsoleApp\ConsoleApp.csproj", "{0D3C2441-4A5A-48FD-89F8-9060F6376377}"
EndProject
Project("{9A19103F-16F7-4668-BE54-9A1E7A4F7556}") = "Models", "Models\Models.csproj", "{1BDCFE28-DF00-4409-8CE0-645B47941B92}"
EndProject
Project("{9A19103F-16F7-4668-BE54-9A1E7A4F7556}") = "DAL", "DAL\DAL.csproj", "{2C118A36-84C3-4DEF-B859-4FC12E2615D9}"
EndProject
Project("{FAE04EC0-301F-11D3-BF4B-00C04F79EFBC}") = "WebApp", "WebApp\WebApp.csproj", "{12391BE0-E8E1-4F38-92E9-3A43FD41DDD2}"
EndProject
Global
	GlobalSection(SolutionConfigurationPlatforms) = preSolution
		Debug|Any CPU = Debug|Any CPU
		Release|Any CPU = Release|Any CPU
	EndGlobalSection
	GlobalSection(ProjectConfigurationPlatforms) = postSolution
		{0D3C2441-4A5A-48FD-89F8-9060F6376377}.Debug|Any CPU.ActiveCfg = Debug|Any CPU
		{0D3C2441-4A5A-48FD-89F8-9060F6376377}.Debug|Any CPU.Build.0 = Debug|Any CPU
		{0D3C2441-4A5A-48FD-89F8-9060F6376377}.Release|Any CPU.ActiveCfg = Release|Any CPU
		{0D3C2441-4A5A-48FD-89F8-9060F6376377}.Release|Any CPU.Build.0 = Release|Any CPU
		{1BDCFE28-DF00-4409-8CE0-645B47941B92}.Debug|Any CPU.ActiveCfg = Debug|Any CPU
		{1BDCFE28-DF00-4409-8CE0-645B47941B92}.Debug|Any CPU.Build.0 = Debug|Any CPU
		{1BDCFE28-DF00-4409-8CE0-645B47941B92}.Release|Any CPU.ActiveCfg = Release|Any CPU
		{1BDCFE28-DF00-4409-8CE0-645B47941B92}.Release|Any CPU.Build.0 = Release|Any CPU
		{2C118A36-84C3-4DEF-B859-4FC12E2615D9}.Debug|Any CPU.ActiveCfg = Debug|Any CPU
		{2C118A36-84C3-4DEF-B859-4FC12E2615D9}.Debug|Any CPU.Build.0 = Debug|Any CPU
		{2C118A36-84C3-4DEF-B859-4FC12E2615D9}.Release|Any CPU.ActiveCfg = Release|Any CPU
		{2C118A36-84C3-4DEF-B859-4FC12E2615D9}.Release|Any CPU.Build.0 = Release|Any CPU
		{12391BE0-E8E1-4F38-92E9-3A43FD41DDD2}.Debug|Any CPU.ActiveCfg = Debug|Any CPU
		{12391BE0-E8E1-4F38-92E9-3A43FD41DDD2}.Debug|Any CPU.Build.0 = Debug|Any CPU
		{12391BE0-E8E1-4F38-92E9-3A43FD41DDD2}.Release|Any CPU.ActiveCfg = Release|Any CPU
		{12391BE0-E8E1-4F38-92E9-3A43FD41DDD2}.Release|Any CPU.Build.0 = Release|Any CPU
	EndGlobalSection
	GlobalSection(SolutionProperties) = preSolution
		HideSolutionNode = FALSE
	EndGlobalSection
	GlobalSection(ExtensibilityGlobals) = postSolution
		SolutionGuid = {AD08116E-94BA-4CB7-BEE5-92F55DC690A0}
	EndGlobalSection
EndGlobal
